
Microsoft Visual Studio Solution File, Format Version 12.00
# Visual Studio Version 16
VisualStudioVersion = 16.0.29009.5
MinimumVisualStudioVersion = 10.0.40219.1
Project("{FAE04EC0-301F-11D3-BF4B-00C04F79EFBC}") = "Profile", "Profile\Profile.csproj", "{2F3C370C-A46F-4625-8E35-4F2E5EB3DDB9}"
EndProject
Project("{FAE04EC0-301F-11D3-BF4B-00C04F79EFBC}") = "TestProfile", "TestProfile\TestProfile.csproj", "{7E4C0E24-CA61-486D-A1B1-9772896CB2F1}"
EndProject
Project("{8BC9CEB8-8B4A-11D0-8D11-00A0C91BC942}") = "ProfileCompatTest", "ProfileCompatTest\ProfileCompatTest.vcxproj", "{4072C614-99E2-4B17-9FC9-71566F7C8DD3}"
EndProject
Global
	GlobalSection(SolutionConfigurationPlatforms) = preSolution
		Debug|Any CPU = Debug|Any CPU
		Debug|Win32 = Debug|Win32
		Release|Any CPU = Release|Any CPU
		Release|Win32 = Release|Win32
	EndGlobalSection
	GlobalSection(ProjectConfigurationPlatforms) = postSolution
		{2F3C370C-A46F-4625-8E35-4F2E5EB3DDB9}.Debug|Any CPU.ActiveCfg = Debug|Any CPU
		{2F3C370C-A46F-4625-8E35-4F2E5EB3DDB9}.Debug|Any CPU.Build.0 = Debug|Any CPU
		{2F3C370C-A46F-4625-8E35-4F2E5EB3DDB9}.Debug|Win32.ActiveCfg = Debug|Any CPU
		{2F3C370C-A46F-4625-8E35-4F2E5EB3DDB9}.Debug|Win32.Build.0 = Debug|Any CPU
		{2F3C370C-A46F-4625-8E35-4F2E5EB3DDB9}.Release|Any CPU.ActiveCfg = Release|Any CPU
		{2F3C370C-A46F-4625-8E35-4F2E5EB3DDB9}.Release|Any CPU.Build.0 = Release|Any CPU
		{2F3C370C-A46F-4625-8E35-4F2E5EB3DDB9}.Release|Win32.ActiveCfg = Release|Any CPU
		{2F3C370C-A46F-4625-8E35-4F2E5EB3DDB9}.Release|Win32.Build.0 = Release|Any CPU
		{7E4C0E24-CA61-486D-A1B1-9772896CB2F1}.Debug|Any CPU.ActiveCfg = Debug|Any CPU
		{7E4C0E24-CA61-486D-A1B1-9772896CB2F1}.Debug|Any CPU.Build.0 = Debug|Any CPU
		{7E4C0E24-CA61-486D-A1B1-9772896CB2F1}.Debug|Win32.ActiveCfg = Debug|Any CPU
		{7E4C0E24-CA61-486D-A1B1-9772896CB2F1}.Debug|Win32.Build.0 = Debug|Any CPU
		{7E4C0E24-CA61-486D-A1B1-9772896CB2F1}.Release|Any CPU.ActiveCfg = Release|Any CPU
		{7E4C0E24-CA61-486D-A1B1-9772896CB2F1}.Release|Any CPU.Build.0 = Release|Any CPU
		{7E4C0E24-CA61-486D-A1B1-9772896CB2F1}.Release|Win32.ActiveCfg = Release|Any CPU
		{7E4C0E24-CA61-486D-A1B1-9772896CB2F1}.Release|Win32.Build.0 = Release|Any CPU
		{4072C614-99E2-4B17-9FC9-71566F7C8DD3}.Debug|Any CPU.ActiveCfg = Debug|Win32
		{4072C614-99E2-4B17-9FC9-71566F7C8DD3}.Debug|Any CPU.Build.0 = Debug|Win32
		{4072C614-99E2-4B17-9FC9-71566F7C8DD3}.Debug|Win32.ActiveCfg = Debug|Win32
		{4072C614-99E2-4B17-9FC9-71566F7C8DD3}.Debug|Win32.Build.0 = Debug|Win32
		{4072C614-99E2-4B17-9FC9-71566F7C8DD3}.Release|Any CPU.ActiveCfg = Release|Win32
		{4072C614-99E2-4B17-9FC9-71566F7C8DD3}.Release|Any CPU.Build.0 = Release|Win32
		{4072C614-99E2-4B17-9FC9-71566F7C8DD3}.Release|Win32.ActiveCfg = Release|Win32
		{4072C614-99E2-4B17-9FC9-71566F7C8DD3}.Release|Win32.Build.0 = Release|Win32
	EndGlobalSection
	GlobalSection(SolutionProperties) = preSolution
		HideSolutionNode = FALSE
	EndGlobalSection
EndGlobal
