
Microsoft Visual Studio Solution File, Format Version 12.00
# Visual Studio 15
VisualStudioVersion = 15.0.27004.2010
MinimumVisualStudioVersion = 10.0.40219.1
Project("{8BC9CEB8-8B4A-11D0-8D11-00A0C91BC942}") = "Profile", "Profile\Profile2017.vcxproj", "{D8BB7DAF-21D1-4435-9C53-0CFB627B0045}"
EndProject
Project("{8BC9CEB8-8B4A-11D0-8D11-00A0C91BC942}") = "TestProfile", "TestProfile\TestProfile2017.vcxproj", "{02E55DD4-965B-4ECF-8C09-5338B4198141}"
EndProject
Global
	GlobalSection(SolutionConfigurationPlatforms) = preSolution
		Debug|x64 = Debug|x64
		Debug|x86 = Debug|x86
		Release|x64 = Release|x64
		Release|x86 = Release|x86
	EndGlobalSection
	GlobalSection(ProjectConfigurationPlatforms) = postSolution
		{D8BB7DAF-21D1-4435-9C53-0CFB627B0045}.Debug|x64.ActiveCfg = Debug|x64
		{D8BB7DAF-21D1-4435-9C53-0CFB627B0045}.Debug|x64.Build.0 = Debug|x64
		{D8BB7DAF-21D1-4435-9C53-0CFB627B0045}.Debug|x86.ActiveCfg = Debug|Win32
		{D8BB7DAF-21D1-4435-9C53-0CFB627B0045}.Debug|x86.Build.0 = Debug|Win32
		{D8BB7DAF-21D1-4435-9C53-0CFB627B0045}.Release|x64.ActiveCfg = Release|x64
		{D8BB7DAF-21D1-4435-9C53-0CFB627B0045}.Release|x64.Build.0 = Release|x64
		{D8BB7DAF-21D1-4435-9C53-0CFB627B0045}.Release|x86.ActiveCfg = Release|Win32
		{D8BB7DAF-21D1-4435-9C53-0CFB627B0045}.Release|x86.Build.0 = Release|Win32
		{02E55DD4-965B-4ECF-8C09-5338B4198141}.Debug|x64.ActiveCfg = Debug|x64
		{02E55DD4-965B-4ECF-8C09-5338B4198141}.Debug|x64.Build.0 = Debug|x64
		{02E55DD4-965B-4ECF-8C09-5338B4198141}.Debug|x86.ActiveCfg = Debug|Win32
		{02E55DD4-965B-4ECF-8C09-5338B4198141}.Debug|x86.Build.0 = Debug|Win32
		{02E55DD4-965B-4ECF-8C09-5338B4198141}.Release|x64.ActiveCfg = Release|x64
		{02E55DD4-965B-4ECF-8C09-5338B4198141}.Release|x64.Build.0 = Release|x64
		{02E55DD4-965B-4ECF-8C09-5338B4198141}.Release|x86.ActiveCfg = Release|Win32
		{02E55DD4-965B-4ECF-8C09-5338B4198141}.Release|x86.Build.0 = Release|Win32
	EndGlobalSection
	GlobalSection(SolutionProperties) = preSolution
		HideSolutionNode = FALSE
	EndGlobalSection
	GlobalSection(ExtensibilityGlobals) = postSolution
		SolutionGuid = {1CB41EB3-D8F3-4F0D-8FC0-B66D81880A88}
	EndGlobalSection
EndGlobal
